// !$*UTF8*$!
{
	archiveVersion = 1;
	classes = {
	};
	objectVersion = 56;
	objects = {

/* Begin PBXBuildFile section */
		750FA9BC2C734EC3005F9941 /* GameListController.swift in Sources */ = {isa = PBXBuildFile; fileRef = 750FA9BB2C734EC3005F9941 /* GameListController.swift */; };
		750FA9BE2C74ADD6005F9941 /* CreateGameController.swift in Sources */ = {isa = PBXBuildFile; fileRef = 750FA9BD2C74ADD6005F9941 /* CreateGameController.swift */; };
		750FA9C22C7689C5005F9941 /* ModelTests.swift in Sources */ = {isa = PBXBuildFile; fileRef = 750FA9C12C7689C5005F9941 /* ModelTests.swift */; };
		750FA9C42C774B14005F9941 /* ProfileController.swift in Sources */ = {isa = PBXBuildFile; fileRef = 750FA9C32C774B14005F9941 /* ProfileController.swift */; };
		750FA9C62C7753D3005F9941 /* ControllerExtensions.swift in Sources */ = {isa = PBXBuildFile; fileRef = 750FA9C52C7753D3005F9941 /* ControllerExtensions.swift */; };
		754CAF042CC69D6C0080BA9D /* LeaderboardController.swift in Sources */ = {isa = PBXBuildFile; fileRef = 754CAF032CC69D6C0080BA9D /* LeaderboardController.swift */; };
		75741F1D2C69E2D9008C07D7 /* AppDelegate.swift in Sources */ = {isa = PBXBuildFile; fileRef = 75741F1C2C69E2D9008C07D7 /* AppDelegate.swift */; };
		75741F1F2C69E2D9008C07D7 /* SceneDelegate.swift in Sources */ = {isa = PBXBuildFile; fileRef = 75741F1E2C69E2D9008C07D7 /* SceneDelegate.swift */; };
		75741F212C69E2D9008C07D7 /* SignInViewController.swift in Sources */ = {isa = PBXBuildFile; fileRef = 75741F202C69E2D9008C07D7 /* SignInViewController.swift */; };
		75741F242C69E2DA008C07D7 /* Base in Resources */ = {isa = PBXBuildFile; fileRef = 75741F232C69E2DA008C07D7 /* Base */; };
		75741F262C69E2DE008C07D7 /* Assets.xcassets in Resources */ = {isa = PBXBuildFile; fileRef = 75741F252C69E2DE008C07D7 /* Assets.xcassets */; };
		75741F292C69E2DE008C07D7 /* Base in Resources */ = {isa = PBXBuildFile; fileRef = 75741F282C69E2DE008C07D7 /* Base */; };
		75904E622C6B327C00E148D7 /* Service.swift in Sources */ = {isa = PBXBuildFile; fileRef = 75904E612C6B327C00E148D7 /* Service.swift */; };
		75904E642C6B331F00E148D7 /* Model.swift in Sources */ = {isa = PBXBuildFile; fileRef = 75904E632C6B331F00E148D7 /* Model.swift */; };
		759A384F2C71F16A00FF4ED4 /* MainTabBarController.swift in Sources */ = {isa = PBXBuildFile; fileRef = 759A384E2C71F16A00FF4ED4 /* MainTabBarController.swift */; };
		75E793C42C6D236A0068BB90 /* ErrorsTests.swift in Sources */ = {isa = PBXBuildFile; fileRef = 75E793C32C6D236A0068BB90 /* ErrorsTests.swift */; };
		75F9DFBF2C6BFC4F0017A0CD /* Errors.swift in Sources */ = {isa = PBXBuildFile; fileRef = 75F9DFBE2C6BFC4F0017A0CD /* Errors.swift */; };
/* End PBXBuildFile section */

/* Begin PBXContainerItemProxy section */
		75E793C52C6D236A0068BB90 /* PBXContainerItemProxy */ = {
			isa = PBXContainerItemProxy;
			containerPortal = 75741F112C69E2D9008C07D7 /* Project object */;
			proxyType = 1;
			remoteGlobalIDString = 75741F182C69E2D9008C07D7;
			remoteInfo = MarsManager;
		};
/* End PBXContainerItemProxy section */

/* Begin PBXFileReference section */
		750FA9BB2C734EC3005F9941 /* GameListController.swift */ = {isa = PBXFileReference; lastKnownFileType = sourcecode.swift; path = GameListController.swift; sourceTree = "<group>"; };
		750FA9BD2C74ADD6005F9941 /* CreateGameController.swift */ = {isa = PBXFileReference; lastKnownFileType = sourcecode.swift; path = CreateGameController.swift; sourceTree = "<group>"; };
		750FA9C12C7689C5005F9941 /* ModelTests.swift */ = {isa = PBXFileReference; lastKnownFileType = sourcecode.swift; path = ModelTests.swift; sourceTree = "<group>"; };
		750FA9C32C774B14005F9941 /* ProfileController.swift */ = {isa = PBXFileReference; lastKnownFileType = sourcecode.swift; path = ProfileController.swift; sourceTree = "<group>"; };
		750FA9C52C7753D3005F9941 /* ControllerExtensions.swift */ = {isa = PBXFileReference; lastKnownFileType = sourcecode.swift; path = ControllerExtensions.swift; sourceTree = "<group>"; };
		754CAF032CC69D6C0080BA9D /* LeaderboardController.swift */ = {isa = PBXFileReference; lastKnownFileType = sourcecode.swift; path = LeaderboardController.swift; sourceTree = "<group>"; };
		75741F192C69E2D9008C07D7 /* MarsManager.app */ = {isa = PBXFileReference; explicitFileType = wrapper.application; includeInIndex = 0; path = MarsManager.app; sourceTree = BUILT_PRODUCTS_DIR; };
		75741F1C2C69E2D9008C07D7 /* AppDelegate.swift */ = {isa = PBXFileReference; lastKnownFileType = sourcecode.swift; path = AppDelegate.swift; sourceTree = "<group>"; };
		75741F1E2C69E2D9008C07D7 /* SceneDelegate.swift */ = {isa = PBXFileReference; lastKnownFileType = sourcecode.swift; path = SceneDelegate.swift; sourceTree = "<group>"; };
		75741F202C69E2D9008C07D7 /* SignInViewController.swift */ = {isa = PBXFileReference; lastKnownFileType = sourcecode.swift; path = SignInViewController.swift; sourceTree = "<group>"; };
		75741F232C69E2DA008C07D7 /* Base */ = {isa = PBXFileReference; lastKnownFileType = file.storyboard; name = Base; path = Base.lproj/Main.storyboard; sourceTree = "<group>"; };
		75741F252C69E2DE008C07D7 /* Assets.xcassets */ = {isa = PBXFileReference; lastKnownFileType = folder.assetcatalog; path = Assets.xcassets; sourceTree = "<group>"; };
		75741F282C69E2DE008C07D7 /* Base */ = {isa = PBXFileReference; lastKnownFileType = file.storyboard; name = Base; path = Base.lproj/LaunchScreen.storyboard; sourceTree = "<group>"; };
		75741F2A2C69E2DE008C07D7 /* Info.plist */ = {isa = PBXFileReference; lastKnownFileType = text.plist.xml; path = Info.plist; sourceTree = "<group>"; };
		758B221F2C6A8C81006D1CFB /* MarsManager.entitlements */ = {isa = PBXFileReference; lastKnownFileType = text.plist.entitlements; path = MarsManager.entitlements; sourceTree = "<group>"; };
		75904E612C6B327C00E148D7 /* Service.swift */ = {isa = PBXFileReference; lastKnownFileType = sourcecode.swift; path = Service.swift; sourceTree = "<group>"; };
		75904E632C6B331F00E148D7 /* Model.swift */ = {isa = PBXFileReference; lastKnownFileType = sourcecode.swift; path = Model.swift; sourceTree = "<group>"; };
		759A384E2C71F16A00FF4ED4 /* MainTabBarController.swift */ = {isa = PBXFileReference; lastKnownFileType = sourcecode.swift; path = MainTabBarController.swift; sourceTree = "<group>"; };
		75E793C12C6D236A0068BB90 /* MarsManagerTests.xctest */ = {isa = PBXFileReference; explicitFileType = wrapper.cfbundle; includeInIndex = 0; path = MarsManagerTests.xctest; sourceTree = BUILT_PRODUCTS_DIR; };
		75E793C32C6D236A0068BB90 /* ErrorsTests.swift */ = {isa = PBXFileReference; lastKnownFileType = sourcecode.swift; path = ErrorsTests.swift; sourceTree = "<group>"; };
		75F9DFBE2C6BFC4F0017A0CD /* Errors.swift */ = {isa = PBXFileReference; lastKnownFileType = sourcecode.swift; path = Errors.swift; sourceTree = "<group>"; };
/* End PBXFileReference section */

/* Begin PBXFrameworksBuildPhase section */
		75741F162C69E2D9008C07D7 /* Frameworks */ = {
			isa = PBXFrameworksBuildPhase;
			buildActionMask = 2147483647;
			files = (
			);
			runOnlyForDeploymentPostprocessing = 0;
		};
		75E793BE2C6D236A0068BB90 /* Frameworks */ = {
			isa = PBXFrameworksBuildPhase;
			buildActionMask = 2147483647;
			files = (
			);
			runOnlyForDeploymentPostprocessing = 0;
		};
/* End PBXFrameworksBuildPhase section */

/* Begin PBXGroup section */
		75741F102C69E2D9008C07D7 = {
			isa = PBXGroup;
			children = (
				75741F1B2C69E2D9008C07D7 /* MarsManager */,
				75E793C22C6D236A0068BB90 /* MarsManagerTests */,
				75741F1A2C69E2D9008C07D7 /* Products */,
			);
			sourceTree = "<group>";
		};
		75741F1A2C69E2D9008C07D7 /* Products */ = {
			isa = PBXGroup;
			children = (
				75741F192C69E2D9008C07D7 /* MarsManager.app */,
				75E793C12C6D236A0068BB90 /* MarsManagerTests.xctest */,
			);
			name = Products;
			sourceTree = "<group>";
		};
		75741F1B2C69E2D9008C07D7 /* MarsManager */ = {
			isa = PBXGroup;
			children = (
				75904E602C6B325800E148D7 /* API */,
				75741F1C2C69E2D9008C07D7 /* AppDelegate.swift */,
				750FA9C52C7753D3005F9941 /* ControllerExtensions.swift */,
				750FA9BD2C74ADD6005F9941 /* CreateGameController.swift */,
				750FA9BB2C734EC3005F9941 /* GameListController.swift */,
				754CAF032CC69D6C0080BA9D /* LeaderboardController.swift */,
				759A384E2C71F16A00FF4ED4 /* MainTabBarController.swift */,
				750FA9C32C774B14005F9941 /* ProfileController.swift */,
				75741F1E2C69E2D9008C07D7 /* SceneDelegate.swift */,
				75741F202C69E2D9008C07D7 /* SignInViewController.swift */,
				75741F222C69E2DA008C07D7 /* Main.storyboard */,
				75741F272C69E2DE008C07D7 /* LaunchScreen.storyboard */,
				75741F252C69E2DE008C07D7 /* Assets.xcassets */,
				758B221F2C6A8C81006D1CFB /* MarsManager.entitlements */,
				75741F2A2C69E2DE008C07D7 /* Info.plist */,
			);
			path = MarsManager;
			sourceTree = "<group>";
		};
		75904E602C6B325800E148D7 /* API */ = {
			isa = PBXGroup;
			children = (
				75904E612C6B327C00E148D7 /* Service.swift */,
				75904E632C6B331F00E148D7 /* Model.swift */,
				75F9DFBE2C6BFC4F0017A0CD /* Errors.swift */,
			);
			path = API;
			sourceTree = "<group>";
		};
		75E793C22C6D236A0068BB90 /* MarsManagerTests */ = {
			isa = PBXGroup;
			children = (
				75E793CA2C6D24170068BB90 /* API */,
			);
			path = MarsManagerTests;
			sourceTree = "<group>";
		};
		75E793CA2C6D24170068BB90 /* API */ = {
			isa = PBXGroup;
			children = (
				75E793C32C6D236A0068BB90 /* ErrorsTests.swift */,
				750FA9C12C7689C5005F9941 /* ModelTests.swift */,
			);
			path = API;
			sourceTree = "<group>";
		};
/* End PBXGroup section */

/* Begin PBXNativeTarget section */
		75741F182C69E2D9008C07D7 /* MarsManager */ = {
			isa = PBXNativeTarget;
			buildConfigurationList = 75741F2D2C69E2DE008C07D7 /* Build configuration list for PBXNativeTarget "MarsManager" */;
			buildPhases = (
				75741F152C69E2D9008C07D7 /* Sources */,
				75741F162C69E2D9008C07D7 /* Frameworks */,
				75741F172C69E2D9008C07D7 /* Resources */,
			);
			buildRules = (
			);
			dependencies = (
			);
			name = MarsManager;
			productName = MarsManager;
			productReference = 75741F192C69E2D9008C07D7 /* MarsManager.app */;
			productType = "com.apple.product-type.application";
		};
		75E793C02C6D236A0068BB90 /* MarsManagerTests */ = {
			isa = PBXNativeTarget;
			buildConfigurationList = 75E793C72C6D236A0068BB90 /* Build configuration list for PBXNativeTarget "MarsManagerTests" */;
			buildPhases = (
				75E793BD2C6D236A0068BB90 /* Sources */,
				75E793BE2C6D236A0068BB90 /* Frameworks */,
				75E793BF2C6D236A0068BB90 /* Resources */,
			);
			buildRules = (
			);
			dependencies = (
				75E793C62C6D236A0068BB90 /* PBXTargetDependency */,
			);
			name = MarsManagerTests;
			productName = MarsManagerTests;
			productReference = 75E793C12C6D236A0068BB90 /* MarsManagerTests.xctest */;
			productType = "com.apple.product-type.bundle.unit-test";
		};
/* End PBXNativeTarget section */

/* Begin PBXProject section */
		75741F112C69E2D9008C07D7 /* Project object */ = {
			isa = PBXProject;
			attributes = {
				BuildIndependentTargetsInParallel = 1;
				LastSwiftUpdateCheck = 1540;
				LastUpgradeCheck = 1630;
				TargetAttributes = {
					75741F182C69E2D9008C07D7 = {
						CreatedOnToolsVersion = 15.4;
					};
					75E793C02C6D236A0068BB90 = {
						CreatedOnToolsVersion = 15.4;
						TestTargetID = 75741F182C69E2D9008C07D7;
					};
				};
			};
			buildConfigurationList = 75741F142C69E2D9008C07D7 /* Build configuration list for PBXProject "MarsManager" */;
			compatibilityVersion = "Xcode 14.0";
			developmentRegion = en;
			hasScannedForEncodings = 0;
			knownRegions = (
				en,
				Base,
			);
			mainGroup = 75741F102C69E2D9008C07D7;
			productRefGroup = 75741F1A2C69E2D9008C07D7 /* Products */;
			projectDirPath = "";
			projectRoot = "";
			targets = (
				75741F182C69E2D9008C07D7 /* MarsManager */,
				75E793C02C6D236A0068BB90 /* MarsManagerTests */,
			);
		};
/* End PBXProject section */

/* Begin PBXResourcesBuildPhase section */
		75741F172C69E2D9008C07D7 /* Resources */ = {
			isa = PBXResourcesBuildPhase;
			buildActionMask = 2147483647;
			files = (
				75741F262C69E2DE008C07D7 /* Assets.xcassets in Resources */,
				75741F292C69E2DE008C07D7 /* Base in Resources */,
				75741F242C69E2DA008C07D7 /* Base in Resources */,
			);
			runOnlyForDeploymentPostprocessing = 0;
		};
		75E793BF2C6D236A0068BB90 /* Resources */ = {
			isa = PBXResourcesBuildPhase;
			buildActionMask = 2147483647;
			files = (
			);
			runOnlyForDeploymentPostprocessing = 0;
		};
/* End PBXResourcesBuildPhase section */

/* Begin PBXSourcesBuildPhase section */
		75741F152C69E2D9008C07D7 /* Sources */ = {
			isa = PBXSourcesBuildPhase;
			buildActionMask = 2147483647;
			files = (
				75904E642C6B331F00E148D7 /* Model.swift in Sources */,
				75741F212C69E2D9008C07D7 /* SignInViewController.swift in Sources */,
				75904E622C6B327C00E148D7 /* Service.swift in Sources */,
				754CAF042CC69D6C0080BA9D /* LeaderboardController.swift in Sources */,
				759A384F2C71F16A00FF4ED4 /* MainTabBarController.swift in Sources */,
				75741F1D2C69E2D9008C07D7 /* AppDelegate.swift in Sources */,
				750FA9C62C7753D3005F9941 /* ControllerExtensions.swift in Sources */,
				750FA9C42C774B14005F9941 /* ProfileController.swift in Sources */,
				750FA9BE2C74ADD6005F9941 /* CreateGameController.swift in Sources */,
				75F9DFBF2C6BFC4F0017A0CD /* Errors.swift in Sources */,
				75741F1F2C69E2D9008C07D7 /* SceneDelegate.swift in Sources */,
				750FA9BC2C734EC3005F9941 /* GameListController.swift in Sources */,
			);
			runOnlyForDeploymentPostprocessing = 0;
		};
		75E793BD2C6D236A0068BB90 /* Sources */ = {
			isa = PBXSourcesBuildPhase;
			buildActionMask = 2147483647;
			files = (
				75E793C42C6D236A0068BB90 /* ErrorsTests.swift in Sources */,
				750FA9C22C7689C5005F9941 /* ModelTests.swift in Sources */,
			);
			runOnlyForDeploymentPostprocessing = 0;
		};
/* End PBXSourcesBuildPhase section */

/* Begin PBXTargetDependency section */
		75E793C62C6D236A0068BB90 /* PBXTargetDependency */ = {
			isa = PBXTargetDependency;
			target = 75741F182C69E2D9008C07D7 /* MarsManager */;
			targetProxy = 75E793C52C6D236A0068BB90 /* PBXContainerItemProxy */;
		};
/* End PBXTargetDependency section */

/* Begin PBXVariantGroup section */
		75741F222C69E2DA008C07D7 /* Main.storyboard */ = {
			isa = PBXVariantGroup;
			children = (
				75741F232C69E2DA008C07D7 /* Base */,
			);
			name = Main.storyboard;
			sourceTree = "<group>";
		};
		75741F272C69E2DE008C07D7 /* LaunchScreen.storyboard */ = {
			isa = PBXVariantGroup;
			children = (
				75741F282C69E2DE008C07D7 /* Base */,
			);
			name = LaunchScreen.storyboard;
			sourceTree = "<group>";
		};
/* End PBXVariantGroup section */

/* Begin XCBuildConfiguration section */
		75741F2B2C69E2DE008C07D7 /* Debug */ = {
			isa = XCBuildConfiguration;
			buildSettings = {
				ALWAYS_SEARCH_USER_PATHS = NO;
				ASSETCATALOG_COMPILER_GENERATE_SWIFT_ASSET_SYMBOL_EXTENSIONS = YES;
				CLANG_ANALYZER_NONNULL = YES;
				CLANG_ANALYZER_NUMBER_OBJECT_CONVERSION = YES_AGGRESSIVE;
				CLANG_CXX_LANGUAGE_STANDARD = "gnu++20";
				CLANG_ENABLE_MODULES = YES;
				CLANG_ENABLE_OBJC_ARC = YES;
				CLANG_ENABLE_OBJC_WEAK = YES;
				CLANG_WARN_BLOCK_CAPTURE_AUTORELEASING = YES;
				CLANG_WARN_BOOL_CONVERSION = YES;
				CLANG_WARN_COMMA = YES;
				CLANG_WARN_CONSTANT_CONVERSION = YES;
				CLANG_WARN_DEPRECATED_OBJC_IMPLEMENTATIONS = YES;
				CLANG_WARN_DIRECT_OBJC_ISA_USAGE = YES_ERROR;
				CLANG_WARN_DOCUMENTATION_COMMENTS = YES;
				CLANG_WARN_EMPTY_BODY = YES;
				CLANG_WARN_ENUM_CONVERSION = YES;
				CLANG_WARN_INFINITE_RECURSION = YES;
				CLANG_WARN_INT_CONVERSION = YES;
				CLANG_WARN_NON_LITERAL_NULL_CONVERSION = YES;
				CLANG_WARN_OBJC_IMPLICIT_RETAIN_SELF = YES;
				CLANG_WARN_OBJC_LITERAL_CONVERSION = YES;
				CLANG_WARN_OBJC_ROOT_CLASS = YES_ERROR;
				CLANG_WARN_QUOTED_INCLUDE_IN_FRAMEWORK_HEADER = YES;
				CLANG_WARN_RANGE_LOOP_ANALYSIS = YES;
				CLANG_WARN_STRICT_PROTOTYPES = YES;
				CLANG_WARN_SUSPICIOUS_MOVE = YES;
				CLANG_WARN_UNGUARDED_AVAILABILITY = YES_AGGRESSIVE;
				CLANG_WARN_UNREACHABLE_CODE = YES;
				CLANG_WARN__DUPLICATE_METHOD_MATCH = YES;
				COPY_PHASE_STRIP = NO;
				DEBUG_INFORMATION_FORMAT = dwarf;
				DEVELOPMENT_TEAM = S7CBCPG9P9;
				ENABLE_STRICT_OBJC_MSGSEND = YES;
				ENABLE_TESTABILITY = YES;
				ENABLE_USER_SCRIPT_SANDBOXING = YES;
				GCC_C_LANGUAGE_STANDARD = gnu17;
				GCC_DYNAMIC_NO_PIC = NO;
				GCC_NO_COMMON_BLOCKS = YES;
				GCC_OPTIMIZATION_LEVEL = 0;
				GCC_PREPROCESSOR_DEFINITIONS = (
					"DEBUG=1",
					"$(inherited)",
				);
				GCC_WARN_64_TO_32_BIT_CONVERSION = YES;
				GCC_WARN_ABOUT_RETURN_TYPE = YES_ERROR;
				GCC_WARN_UNDECLARED_SELECTOR = YES;
				GCC_WARN_UNINITIALIZED_AUTOS = YES_AGGRESSIVE;
				GCC_WARN_UNUSED_FUNCTION = YES;
				GCC_WARN_UNUSED_VARIABLE = YES;
				IPHONEOS_DEPLOYMENT_TARGET = 17.5;
				LOCALIZATION_PREFERS_STRING_CATALOGS = YES;
				MTL_ENABLE_DEBUG_INFO = INCLUDE_SOURCE;
				MTL_FAST_MATH = YES;
				ONLY_ACTIVE_ARCH = YES;
				SDKROOT = iphoneos;
				SWIFT_ACTIVE_COMPILATION_CONDITIONS = "DEBUG $(inherited)";
				SWIFT_OPTIMIZATION_LEVEL = "-Onone";
			};
			name = Debug;
		};
		75741F2C2C69E2DE008C07D7 /* Release */ = {
			isa = XCBuildConfiguration;
			buildSettings = {
				ALWAYS_SEARCH_USER_PATHS = NO;
				ASSETCATALOG_COMPILER_GENERATE_SWIFT_ASSET_SYMBOL_EXTENSIONS = YES;
				CLANG_ANALYZER_NONNULL = YES;
				CLANG_ANALYZER_NUMBER_OBJECT_CONVERSION = YES_AGGRESSIVE;
				CLANG_CXX_LANGUAGE_STANDARD = "gnu++20";
				CLANG_ENABLE_MODULES = YES;
				CLANG_ENABLE_OBJC_ARC = YES;
				CLANG_ENABLE_OBJC_WEAK = YES;
				CLANG_WARN_BLOCK_CAPTURE_AUTORELEASING = YES;
				CLANG_WARN_BOOL_CONVERSION = YES;
				CLANG_WARN_COMMA = YES;
				CLANG_WARN_CONSTANT_CONVERSION = YES;
				CLANG_WARN_DEPRECATED_OBJC_IMPLEMENTATIONS = YES;
				CLANG_WARN_DIRECT_OBJC_ISA_USAGE = YES_ERROR;
				CLANG_WARN_DOCUMENTATION_COMMENTS = YES;
				CLANG_WARN_EMPTY_BODY = YES;
				CLANG_WARN_ENUM_CONVERSION = YES;
				CLANG_WARN_INFINITE_RECURSION = YES;
				CLANG_WARN_INT_CONVERSION = YES;
				CLANG_WARN_NON_LITERAL_NULL_CONVERSION = YES;
				CLANG_WARN_OBJC_IMPLICIT_RETAIN_SELF = YES;
				CLANG_WARN_OBJC_LITERAL_CONVERSION = YES;
				CLANG_WARN_OBJC_ROOT_CLASS = YES_ERROR;
				CLANG_WARN_QUOTED_INCLUDE_IN_FRAMEWORK_HEADER = YES;
				CLANG_WARN_RANGE_LOOP_ANALYSIS = YES;
				CLANG_WARN_STRICT_PROTOTYPES = YES;
				CLANG_WARN_SUSPICIOUS_MOVE = YES;
				CLANG_WARN_UNGUARDED_AVAILABILITY = YES_AGGRESSIVE;
				CLANG_WARN_UNREACHABLE_CODE = YES;
				CLANG_WARN__DUPLICATE_METHOD_MATCH = YES;
				COPY_PHASE_STRIP = NO;
				DEBUG_INFORMATION_FORMAT = "dwarf-with-dsym";
				DEVELOPMENT_TEAM = S7CBCPG9P9;
				ENABLE_NS_ASSERTIONS = NO;
				ENABLE_STRICT_OBJC_MSGSEND = YES;
				ENABLE_USER_SCRIPT_SANDBOXING = YES;
				GCC_C_LANGUAGE_STANDARD = gnu17;
				GCC_NO_COMMON_BLOCKS = YES;
				GCC_WARN_64_TO_32_BIT_CONVERSION = YES;
				GCC_WARN_ABOUT_RETURN_TYPE = YES_ERROR;
				GCC_WARN_UNDECLARED_SELECTOR = YES;
				GCC_WARN_UNINITIALIZED_AUTOS = YES_AGGRESSIVE;
				GCC_WARN_UNUSED_FUNCTION = YES;
				GCC_WARN_UNUSED_VARIABLE = YES;
				IPHONEOS_DEPLOYMENT_TARGET = 17.5;
				LOCALIZATION_PREFERS_STRING_CATALOGS = YES;
				MTL_ENABLE_DEBUG_INFO = NO;
				MTL_FAST_MATH = YES;
				SDKROOT = iphoneos;
				SWIFT_COMPILATION_MODE = wholemodule;
				VALIDATE_PRODUCT = YES;
			};
			name = Release;
		};
		75741F2E2C69E2DE008C07D7 /* Debug */ = {
			isa = XCBuildConfiguration;
			buildSettings = {
				ASSETCATALOG_COMPILER_APPICON_NAME = AppIcon;
				ASSETCATALOG_COMPILER_GLOBAL_ACCENT_COLOR_NAME = AccentColor;
				CODE_SIGN_ENTITLEMENTS = MarsManager/MarsManager.entitlements;
				CODE_SIGN_STYLE = Automatic;
				CURRENT_PROJECT_VERSION = 13;
				GENERATE_INFOPLIST_FILE = YES;
				INFOPLIST_FILE = MarsManager/Info.plist;
				INFOPLIST_KEY_CFBundleDisplayName = "Mars Manager";
				INFOPLIST_KEY_LSApplicationCategoryType = "public.app-category.board-games";
				INFOPLIST_KEY_UIApplicationSupportsIndirectInputEvents = YES;
				INFOPLIST_KEY_UILaunchStoryboardName = LaunchScreen;
				INFOPLIST_KEY_UIMainStoryboardFile = Main;
				INFOPLIST_KEY_UISupportedInterfaceOrientations = UIInterfaceOrientationPortrait;
				INFOPLIST_KEY_UISupportedInterfaceOrientations_iPad = "UIInterfaceOrientationLandscapeLeft UIInterfaceOrientationLandscapeRight UIInterfaceOrientationPortrait UIInterfaceOrientationPortraitUpsideDown";
				IPHONEOS_DEPLOYMENT_TARGET = 17.0;
				LD_RUNPATH_SEARCH_PATHS = (
					"$(inherited)",
					"@executable_path/Frameworks",
				);
				MARKETING_VERSION = 1.0;
				PRODUCT_BUNDLE_IDENTIFIER = xyz.blockthem.mars.manager;
				PRODUCT_NAME = "$(TARGET_NAME)";
				SUPPORTED_PLATFORMS = "iphoneos iphonesimulator";
				SUPPORTS_MACCATALYST = NO;
				SUPPORTS_MAC_DESIGNED_FOR_IPHONE_IPAD = NO;
				SUPPORTS_XR_DESIGNED_FOR_IPHONE_IPAD = NO;
				SWIFT_EMIT_LOC_STRINGS = YES;
				SWIFT_VERSION = 5.0;
				TARGETED_DEVICE_FAMILY = 1;
			};
			name = Debug;
		};
		75741F2F2C69E2DE008C07D7 /* Release */ = {
			isa = XCBuildConfiguration;
			buildSettings = {
				ASSETCATALOG_COMPILER_APPICON_NAME = AppIcon;
				ASSETCATALOG_COMPILER_GLOBAL_ACCENT_COLOR_NAME = AccentColor;
				CODE_SIGN_ENTITLEMENTS = MarsManager/MarsManager.entitlements;
				CODE_SIGN_STYLE = Automatic;
				CURRENT_PROJECT_VERSION = 13;
				GENERATE_INFOPLIST_FILE = YES;
				INFOPLIST_FILE = MarsManager/Info.plist;
				INFOPLIST_KEY_CFBundleDisplayName = "Mars Manager";
				INFOPLIST_KEY_LSApplicationCategoryType = "public.app-category.board-games";
				INFOPLIST_KEY_UIApplicationSupportsIndirectInputEvents = YES;
				INFOPLIST_KEY_UILaunchStoryboardName = LaunchScreen;
				INFOPLIST_KEY_UIMainStoryboardFile = Main;
				INFOPLIST_KEY_UISupportedInterfaceOrientations = UIInterfaceOrientationPortrait;
				INFOPLIST_KEY_UISupportedInterfaceOrientations_iPad = "UIInterfaceOrientationLandscapeLeft UIInterfaceOrientationLandscapeRight UIInterfaceOrientationPortrait UIInterfaceOrientationPortraitUpsideDown";
				IPHONEOS_DEPLOYMENT_TARGET = 17.0;
				LD_RUNPATH_SEARCH_PATHS = (
					"$(inherited)",
					"@executable_path/Frameworks",
				);
				MARKETING_VERSION = 1.0;
				PRODUCT_BUNDLE_IDENTIFIER = xyz.blockthem.mars.manager;
				PRODUCT_NAME = "$(TARGET_NAME)";
				SUPPORTED_PLATFORMS = "iphoneos iphonesimulator";
				SUPPORTS_MACCATALYST = NO;
				SUPPORTS_MAC_DESIGNED_FOR_IPHONE_IPAD = NO;
				SUPPORTS_XR_DESIGNED_FOR_IPHONE_IPAD = NO;
				SWIFT_EMIT_LOC_STRINGS = YES;
				SWIFT_VERSION = 5.0;
				TARGETED_DEVICE_FAMILY = 1;
			};
			name = Release;
		};
		75E793C82C6D236A0068BB90 /* Debug */ = {
			isa = XCBuildConfiguration;
			buildSettings = {
				BUNDLE_LOADER = "$(TEST_HOST)";
				CODE_SIGN_STYLE = Automatic;
				CURRENT_PROJECT_VERSION = 1;
				GENERATE_INFOPLIST_FILE = YES;
				IPHONEOS_DEPLOYMENT_TARGET = 17.5;
				MARKETING_VERSION = 1.0;
				PRODUCT_BUNDLE_IDENTIFIER = xyz.blockthem.MarsManagerTests;
				PRODUCT_NAME = "$(TARGET_NAME)";
				SWIFT_EMIT_LOC_STRINGS = NO;
				SWIFT_VERSION = 5.0;
				TARGETED_DEVICE_FAMILY = "1,2";
				TEST_HOST = "$(BUILT_PRODUCTS_DIR)/MarsManager.app/$(BUNDLE_EXECUTABLE_FOLDER_PATH)/MarsManager";
			};
			name = Debug;
		};
		75E793C92C6D236A0068BB90 /* Release */ = {
			isa = XCBuildConfiguration;
			buildSettings = {
				BUNDLE_LOADER = "$(TEST_HOST)";
				CODE_SIGN_STYLE = Automatic;
				CURRENT_PROJECT_VERSION = 1;
				GENERATE_INFOPLIST_FILE = YES;
				IPHONEOS_DEPLOYMENT_TARGET = 17.5;
				MARKETING_VERSION = 1.0;
				PRODUCT_BUNDLE_IDENTIFIER = xyz.blockthem.MarsManagerTests;
				PRODUCT_NAME = "$(TARGET_NAME)";
				SWIFT_EMIT_LOC_STRINGS = NO;
				SWIFT_VERSION = 5.0;
				TARGETED_DEVICE_FAMILY = "1,2";
				TEST_HOST = "$(BUILT_PRODUCTS_DIR)/MarsManager.app/$(BUNDLE_EXECUTABLE_FOLDER_PATH)/MarsManager";
			};
			name = Release;
		};
/* End XCBuildConfiguration section */

/* Begin XCConfigurationList section */
		75741F142C69E2D9008C07D7 /* Build configuration list for PBXProject "MarsManager" */ = {
			isa = XCConfigurationList;
			buildConfigurations = (
				75741F2B2C69E2DE008C07D7 /* Debug */,
				75741F2C2C69E2DE008C07D7 /* Release */,
			);
			defaultConfigurationIsVisible = 0;
			defaultConfigurationName = Release;
		};
		75741F2D2C69E2DE008C07D7 /* Build configuration list for PBXNativeTarget "MarsManager" */ = {
			isa = XCConfigurationList;
			buildConfigurations = (
				75741F2E2C69E2DE008C07D7 /* Debug */,
				75741F2F2C69E2DE008C07D7 /* Release */,
			);
			defaultConfigurationIsVisible = 0;
			defaultConfigurationName = Release;
		};
		75E793C72C6D236A0068BB90 /* Build configuration list for PBXNativeTarget "MarsManagerTests" */ = {
			isa = XCConfigurationList;
			buildConfigurations = (
				75E793C82C6D236A0068BB90 /* Debug */,
				75E793C92C6D236A0068BB90 /* Release */,
			);
			defaultConfigurationIsVisible = 0;
			defaultConfigurationName = Release;
		};
/* End XCConfigurationList section */
	};
	rootObject = 75741F112C69E2D9008C07D7 /* Project object */;
}
